
Microsoft Visual Studio Solution File, Format Version 12.00
# Visual Studio Version 16
VisualStudioVersion = 16.0.29609.76
MinimumVisualStudioVersion = 10.0.40219.1
Project("{FAE04EC0-301F-11D3-BF4B-00C04F79EFBC}") = "DgsDayCounter", "DgsDayCounter.csproj", "{64ABAFF1-8825-43E3-84D1-E263E8C39045}"
EndProject
Global
	GlobalSection(SolutionConfigurationPlatforms) = preSolution
		Debug|Any CPU = Debug|Any CPU
		Release|Any CPU = Release|Any CPU
	EndGlobalSection
	GlobalSection(ProjectConfigurationPlatforms) = postSolution
		{64ABAFF1-8825-43E3-84D1-E263E8C39045}.Debug|Any CPU.ActiveCfg = Debug|Any CPU
		{64ABAFF1-8825-43E3-84D1-E263E8C39045}.Debug|Any CPU.Build.0 = Debug|Any CPU
		{64ABAFF1-8825-43E3-84D1-E263E8C39045}.Release|Any CPU.ActiveCfg = Release|Any CPU
		{64ABAFF1-8825-43E3-84D1-E263E8C39045}.Release|Any CPU.Build.0 = Release|Any CPU
	EndGlobalSection
	GlobalSection(SolutionProperties) = preSolution
		HideSolutionNode = FALSE
	EndGlobalSection
	GlobalSection(ExtensibilityGlobals) = postSolution
		SolutionGuid = {1418A4F2-B9AB-4DBE-AC30-C5E85FA3CCAB}
	EndGlobalSection
EndGlobal
